// !$*UTF8*$!
{
	archiveVersion = 1;
	classes = {
	};
	objectVersion = 56;
	objects = {

/* Begin PBXBuildFile section */
		80498B2B29ADC0700011E592 /* AppDelegate.swift in Sources */ = {isa = PBXBuildFile; fileRef = 80498B2A29ADC0700011E592 /* AppDelegate.swift */; };
		80498B2D29ADC0700011E592 /* SceneDelegate.swift in Sources */ = {isa = PBXBuildFile; fileRef = 80498B2C29ADC0700011E592 /* SceneDelegate.swift */; };
		80498B2F29ADC0700011E592 /* ViewController.swift in Sources */ = {isa = PBXBuildFile; fileRef = 80498B2E29ADC0700011E592 /* ViewController.swift */; };
		80498B3229ADC0700011E592 /* Main.storyboard in Resources */ = {isa = PBXBuildFile; fileRef = 80498B3029ADC0700011E592 /* Main.storyboard */; };
		80498B3429ADC0720011E592 /* Assets.xcassets in Resources */ = {isa = PBXBuildFile; fileRef = 80498B3329ADC0720011E592 /* Assets.xcassets */; };
		80498B3729ADC0720011E592 /* LaunchScreen.storyboard in Resources */ = {isa = PBXBuildFile; fileRef = 80498B3529ADC0720011E592 /* LaunchScreen.storyboard */; };
		80498B4129ADC8EB0011E592 /* Backgrounds in Resources */ = {isa = PBXBuildFile; fileRef = 80498B4029ADC8EB0011E592 /* Backgrounds */; };
		80498B4B29ADCFB20011E592 /* Blue.PNG in Resources */ = {isa = PBXBuildFile; fileRef = 80498B4229ADCFB20011E592 /* Blue.PNG */; };
		80498B4C29ADCFB20011E592 /* Golden.PNG in Resources */ = {isa = PBXBuildFile; fileRef = 80498B4329ADCFB20011E592 /* Golden.PNG */; };
		80498B4D29ADCFB20011E592 /* Pink.PNG in Resources */ = {isa = PBXBuildFile; fileRef = 80498B4429ADCFB20011E592 /* Pink.PNG */; };
		80498B4E29ADCFB20011E592 /* Red.PNG in Resources */ = {isa = PBXBuildFile; fileRef = 80498B4529ADCFB20011E592 /* Red.PNG */; };
		80498B4F29ADCFB20011E592 /* Emarald.PNG in Resources */ = {isa = PBXBuildFile; fileRef = 80498B4629ADCFB20011E592 /* Emarald.PNG */; };
		80498B5029ADCFB20011E592 /* Peach.PNG in Resources */ = {isa = PBXBuildFile; fileRef = 80498B4729ADCFB20011E592 /* Peach.PNG */; };
		80498B5129ADCFB20011E592 /* Green.PNG in Resources */ = {isa = PBXBuildFile; fileRef = 80498B4829ADCFB20011E592 /* Green.PNG */; };
		80498B5229ADCFB20011E592 /* Noir.PNG in Resources */ = {isa = PBXBuildFile; fileRef = 80498B4929ADCFB20011E592 /* Noir.PNG */; };
		80498B5329ADCFB20011E592 /* Yellow.PNG in Resources */ = {isa = PBXBuildFile; fileRef = 80498B4A29ADCFB20011E592 /* Yellow.PNG */; };
		80498B6429ADD1190011E592 /* Goth.PNG in Resources */ = {isa = PBXBuildFile; fileRef = 80498B5429ADD1180011E592 /* Goth.PNG */; };
		80498B6529ADD1190011E592 /* LightBlue.PNG in Resources */ = {isa = PBXBuildFile; fileRef = 80498B5529ADD1180011E592 /* LightBlue.PNG */; };
		80498B6629ADD1190011E592 /* Topo.PNG in Resources */ = {isa = PBXBuildFile; fileRef = 80498B5629ADD1180011E592 /* Topo.PNG */; };
		80498B6729ADD1190011E592 /* Starfish.PNG in Resources */ = {isa = PBXBuildFile; fileRef = 80498B5729ADD1180011E592 /* Starfish.PNG */; };
		80498B6829ADD1190011E592 /* Tattoo.PNG in Resources */ = {isa = PBXBuildFile; fileRef = 80498B5829ADD1180011E592 /* Tattoo.PNG */; };
		80498B6929ADD1190011E592 /* Chill.PNG in Resources */ = {isa = PBXBuildFile; fileRef = 80498B5929ADD1180011E592 /* Chill.PNG */; };
		80498B6A29ADD1190011E592 /* Thermal.PNG in Resources */ = {isa = PBXBuildFile; fileRef = 80498B5A29ADD1180011E592 /* Thermal.PNG */; };
		80498B6B29ADD1190011E592 /* Trippy.PNG in Resources */ = {isa = PBXBuildFile; fileRef = 80498B5B29ADD1180011E592 /* Trippy.PNG */; };
		80498B6C29ADD1190011E592 /* Brazil.PNG in Resources */ = {isa = PBXBuildFile; fileRef = 80498B5C29ADD1180011E592 /* Brazil.PNG */; };
		80498B6D29ADD1190011E592 /* Sunset.PNG in Resources */ = {isa = PBXBuildFile; fileRef = 80498B5D29ADD1180011E592 /* Sunset.PNG */; };
		80498B6E29ADD1190011E592 /* PinkSkin.PNG in Resources */ = {isa = PBXBuildFile; fileRef = 80498B5E29ADD1190011E592 /* PinkSkin.PNG */; };
		80498B6F29ADD1190011E592 /* Neon Light.PNG in Resources */ = {isa = PBXBuildFile; fileRef = 80498B5F29ADD1190011E592 /* Neon Light.PNG */; };
		80498B7029ADD1190011E592 /* Cyborg.PNG in Resources */ = {isa = PBXBuildFile; fileRef = 80498B6029ADD1190011E592 /* Cyborg.PNG */; };
		80498B7129ADD1190011E592 /* Metallic Midnight.PNG in Resources */ = {isa = PBXBuildFile; fileRef = 80498B6129ADD1190011E592 /* Metallic Midnight.PNG */; };
		80498B7229ADD1190011E592 /* Gold.PNG in Resources */ = {isa = PBXBuildFile; fileRef = 80498B6229ADD1190011E592 /* Gold.PNG */; };
		80498B7329ADD1190011E592 /* Fuzzy Cream.PNG in Resources */ = {isa = PBXBuildFile; fileRef = 80498B6329ADD1190011E592 /* Fuzzy Cream.PNG */; };
		80498B9D29AE66B10011E592 /* Cape.PNG in Resources */ = {isa = PBXBuildFile; fileRef = 80498B7929AE66B00011E592 /* Cape.PNG */; };
		80498B9E29AE66B10011E592 /* Denim2.PNG in Resources */ = {isa = PBXBuildFile; fileRef = 80498B7A29AE66B00011E592 /* Denim2.PNG */; };
		80498B9F29AE66B10011E592 /* Tank Top.PNG in Resources */ = {isa = PBXBuildFile; fileRef = 80498B7B29AE66B00011E592 /* Tank Top.PNG */; };
		80498BA029AE66B10011E592 /* Tux.PNG in Resources */ = {isa = PBXBuildFile; fileRef = 80498B7C29AE66B00011E592 /* Tux.PNG */; };
		80498BA129AE66B10011E592 /* DrugRug.PNG in Resources */ = {isa = PBXBuildFile; fileRef = 80498B7D29AE66B00011E592 /* DrugRug.PNG */; };
		80498BA229AE66B10011E592 /* Construction.PNG in Resources */ = {isa = PBXBuildFile; fileRef = 80498B7E29AE66B00011E592 /* Construction.PNG */; };
		80498BA329AE66B10011E592 /* Army.PNG in Resources */ = {isa = PBXBuildFile; fileRef = 80498B7F29AE66B00011E592 /* Army.PNG */; };
		80498BA429AE66B10011E592 /* Hard.PNG in Resources */ = {isa = PBXBuildFile; fileRef = 80498B8029AE66B00011E592 /* Hard.PNG */; };
		80498BA529AE66B10011E592 /* Puffer.PNG in Resources */ = {isa = PBXBuildFile; fileRef = 80498B8129AE66B00011E592 /* Puffer.PNG */; };
		80498BA629AE66B10011E592 /* Hoodie.PNG in Resources */ = {isa = PBXBuildFile; fileRef = 80498B8229AE66B00011E592 /* Hoodie.PNG */; };
		80498BA729AE66B10011E592 /* Astronaut.PNG in Resources */ = {isa = PBXBuildFile; fileRef = 80498B8329AE66B00011E592 /* Astronaut.PNG */; };
		80498BA829AE66B10011E592 /* Holster.PNG in Resources */ = {isa = PBXBuildFile; fileRef = 80498B8429AE66B00011E592 /* Holster.PNG */; };
		80498BA929AE66B10011E592 /* Marty.PNG in Resources */ = {isa = PBXBuildFile; fileRef = 80498B8529AE66B00011E592 /* Marty.PNG */; };
		80498BAA29AE66B10011E592 /* Police.PNG in Resources */ = {isa = PBXBuildFile; fileRef = 80498B8629AE66B00011E592 /* Police.PNG */; };
		80498BAB29AE66B10011E592 /* FurC.PNG in Resources */ = {isa = PBXBuildFile; fileRef = 80498B8729AE66B00011E592 /* FurC.PNG */; };
		80498BAC29AE66B10011E592 /* BJersey.PNG in Resources */ = {isa = PBXBuildFile; fileRef = 80498B8829AE66B00011E592 /* BJersey.PNG */; };
		80498BAD29AE66B10011E592 /* Ticket.PNG in Resources */ = {isa = PBXBuildFile; fileRef = 80498B8929AE66B00011E592 /* Ticket.PNG */; };
		80498BAE29AE66B10011E592 /* GreenC.PNG in Resources */ = {isa = PBXBuildFile; fileRef = 80498B8A29AE66B00011E592 /* GreenC.PNG */; };
		80498BAF29AE66B10011E592 /* NavyC.PNG in Resources */ = {isa = PBXBuildFile; fileRef = 80498B8B29AE66B00011E592 /* NavyC.PNG */; };
		80498BB029AE66B10011E592 /* WorkC.PNG in Resources */ = {isa = PBXBuildFile; fileRef = 80498B8C29AE66B00011E592 /* WorkC.PNG */; };
		80498BB129AE66B10011E592 /* Fred.PNG in Resources */ = {isa = PBXBuildFile; fileRef = 80498B8D29AE66B00011E592 /* Fred.PNG */; };
		80498BB229AE66B10011E592 /* Bear.PNG in Resources */ = {isa = PBXBuildFile; fileRef = 80498B8E29AE66B00011E592 /* Bear.PNG */; };
		80498BB329AE66B10011E592 /* PinkC.PNG in Resources */ = {isa = PBXBuildFile; fileRef = 80498B8F29AE66B00011E592 /* PinkC.PNG */; };
		80498BB429AE66B10011E592 /* Gi.PNG in Resources */ = {isa = PBXBuildFile; fileRef = 80498B9029AE66B00011E592 /* Gi.PNG */; };
		80498BB529AE66B10011E592 /* Smoking.PNG in Resources */ = {isa = PBXBuildFile; fileRef = 80498B9129AE66B10011E592 /* Smoking.PNG */; };
		80498BB629AE66B10011E592 /* Straight Jacket.PNG in Resources */ = {isa = PBXBuildFile; fileRef = 80498B9229AE66B10011E592 /* Straight Jacket.PNG */; };
		80498BB729AE66B10011E592 /* TogaC.PNG in Resources */ = {isa = PBXBuildFile; fileRef = 80498B9329AE66B10011E592 /* TogaC.PNG */; };
		80498BB829AE66B10011E592 /* Towel.PNG in Resources */ = {isa = PBXBuildFile; fileRef = 80498B9429AE66B10011E592 /* Towel.PNG */; };
		80498BB929AE66B10011E592 /* Hawaiian.PNG in Resources */ = {isa = PBXBuildFile; fileRef = 80498B9529AE66B10011E592 /* Hawaiian.PNG */; };
		80498BBA29AE66B10011E592 /* LifeJacket.PNG in Resources */ = {isa = PBXBuildFile; fileRef = 80498B9629AE66B10011E592 /* LifeJacket.PNG */; };
		80498BBB29AE66B10011E592 /* Doctor.PNG in Resources */ = {isa = PBXBuildFile; fileRef = 80498B9729AE66B10011E592 /* Doctor.PNG */; };
		80498BBC29AE66B10011E592 /* Zombie Slayer.PNG in Resources */ = {isa = PBXBuildFile; fileRef = 80498B9829AE66B10011E592 /* Zombie Slayer.PNG */; };
		80498BBD29AE66B10011E592 /* DenimVest.PNG in Resources */ = {isa = PBXBuildFile; fileRef = 80498B9929AE66B10011E592 /* DenimVest.PNG */; };
		80498BBE29AE66B10011E592 /* Jersey.PNG in Resources */ = {isa = PBXBuildFile; fileRef = 80498B9A29AE66B10011E592 /* Jersey.PNG */; };
		80498BBF29AE66B10011E592 /* Ducky.PNG in Resources */ = {isa = PBXBuildFile; fileRef = 80498B9B29AE66B10011E592 /* Ducky.PNG */; };
		80498BC029AE66B10011E592 /* Denim1.PNG in Resources */ = {isa = PBXBuildFile; fileRef = 80498B9C29AE66B10011E592 /* Denim1.PNG */; };
/* End PBXBuildFile section */

/* Begin PBXFileReference section */
		80498B2729ADC0700011E592 /* Tanuki.app */ = {isa = PBXFileReference; explicitFileType = wrapper.application; includeInIndex = 0; path = Tanuki.app; sourceTree = BUILT_PRODUCTS_DIR; };
		80498B2A29ADC0700011E592 /* AppDelegate.swift */ = {isa = PBXFileReference; lastKnownFileType = sourcecode.swift; path = AppDelegate.swift; sourceTree = "<group>"; };
		80498B2C29ADC0700011E592 /* SceneDelegate.swift */ = {isa = PBXFileReference; lastKnownFileType = sourcecode.swift; path = SceneDelegate.swift; sourceTree = "<group>"; };
		80498B2E29ADC0700011E592 /* ViewController.swift */ = {isa = PBXFileReference; lastKnownFileType = sourcecode.swift; path = ViewController.swift; sourceTree = "<group>"; };
		80498B3129ADC0700011E592 /* Base */ = {isa = PBXFileReference; lastKnownFileType = file.storyboard; name = Base; path = Base.lproj/Main.storyboard; sourceTree = "<group>"; };
		80498B3329ADC0720011E592 /* Assets.xcassets */ = {isa = PBXFileReference; lastKnownFileType = folder.assetcatalog; path = Assets.xcassets; sourceTree = "<group>"; };
		80498B3629ADC0720011E592 /* Base */ = {isa = PBXFileReference; lastKnownFileType = file.storyboard; name = Base; path = Base.lproj/LaunchScreen.storyboard; sourceTree = "<group>"; };
		80498B3829ADC0720011E592 /* Info.plist */ = {isa = PBXFileReference; lastKnownFileType = text.plist.xml; path = Info.plist; sourceTree = "<group>"; };
		80498B4029ADC8EB0011E592 /* Backgrounds */ = {isa = PBXFileReference; lastKnownFileType = folder; path = Backgrounds; sourceTree = "<group>"; };
		80498B4229ADCFB20011E592 /* Blue.PNG */ = {isa = PBXFileReference; lastKnownFileType = image.png; path = Blue.PNG; sourceTree = "<group>"; };
		80498B4329ADCFB20011E592 /* Golden.PNG */ = {isa = PBXFileReference; lastKnownFileType = image.png; path = Golden.PNG; sourceTree = "<group>"; };
		80498B4429ADCFB20011E592 /* Pink.PNG */ = {isa = PBXFileReference; lastKnownFileType = image.png; path = Pink.PNG; sourceTree = "<group>"; };
		80498B4529ADCFB20011E592 /* Red.PNG */ = {isa = PBXFileReference; lastKnownFileType = image.png; path = Red.PNG; sourceTree = "<group>"; };
		80498B4629ADCFB20011E592 /* Emarald.PNG */ = {isa = PBXFileReference; lastKnownFileType = image.png; path = Emarald.PNG; sourceTree = "<group>"; };
		80498B4729ADCFB20011E592 /* Peach.PNG */ = {isa = PBXFileReference; lastKnownFileType = image.png; path = Peach.PNG; sourceTree = "<group>"; };
		80498B4829ADCFB20011E592 /* Green.PNG */ = {isa = PBXFileReference; lastKnownFileType = image.png; path = Green.PNG; sourceTree = "<group>"; };
		80498B4929ADCFB20011E592 /* Noir.PNG */ = {isa = PBXFileReference; lastKnownFileType = image.png; path = Noir.PNG; sourceTree = "<group>"; };
		80498B4A29ADCFB20011E592 /* Yellow.PNG */ = {isa = PBXFileReference; lastKnownFileType = image.png; path = Yellow.PNG; sourceTree = "<group>"; };
		80498B5429ADD1180011E592 /* Goth.PNG */ = {isa = PBXFileReference; lastKnownFileType = image.png; path = Goth.PNG; sourceTree = "<group>"; };
		80498B5529ADD1180011E592 /* LightBlue.PNG */ = {isa = PBXFileReference; lastKnownFileType = image.png; path = LightBlue.PNG; sourceTree = "<group>"; };
		80498B5629ADD1180011E592 /* Topo.PNG */ = {isa = PBXFileReference; lastKnownFileType = image.png; path = Topo.PNG; sourceTree = "<group>"; };
		80498B5729ADD1180011E592 /* Starfish.PNG */ = {isa = PBXFileReference; lastKnownFileType = image.png; path = Starfish.PNG; sourceTree = "<group>"; };
		80498B5829ADD1180011E592 /* Tattoo.PNG */ = {isa = PBXFileReference; lastKnownFileType = image.png; path = Tattoo.PNG; sourceTree = "<group>"; };
		80498B5929ADD1180011E592 /* Chill.PNG */ = {isa = PBXFileReference; lastKnownFileType = image.png; path = Chill.PNG; sourceTree = "<group>"; };
		80498B5A29ADD1180011E592 /* Thermal.PNG */ = {isa = PBXFileReference; lastKnownFileType = image.png; path = Thermal.PNG; sourceTree = "<group>"; };
		80498B5B29ADD1180011E592 /* Trippy.PNG */ = {isa = PBXFileReference; lastKnownFileType = image.png; path = Trippy.PNG; sourceTree = "<group>"; };
		80498B5C29ADD1180011E592 /* Brazil.PNG */ = {isa = PBXFileReference; lastKnownFileType = image.png; path = Brazil.PNG; sourceTree = "<group>"; };
		80498B5D29ADD1180011E592 /* Sunset.PNG */ = {isa = PBXFileReference; lastKnownFileType = image.png; path = Sunset.PNG; sourceTree = "<group>"; };
		80498B5E29ADD1190011E592 /* PinkSkin.PNG */ = {isa = PBXFileReference; lastKnownFileType = image.png; path = PinkSkin.PNG; sourceTree = "<group>"; };
		80498B5F29ADD1190011E592 /* Neon Light.PNG */ = {isa = PBXFileReference; lastKnownFileType = image.png; path = "Neon Light.PNG"; sourceTree = "<group>"; };
		80498B6029ADD1190011E592 /* Cyborg.PNG */ = {isa = PBXFileReference; lastKnownFileType = image.png; path = Cyborg.PNG; sourceTree = "<group>"; };
		80498B6129ADD1190011E592 /* Metallic Midnight.PNG */ = {isa = PBXFileReference; lastKnownFileType = image.png; path = "Metallic Midnight.PNG"; sourceTree = "<group>"; };
		80498B6229ADD1190011E592 /* Gold.PNG */ = {isa = PBXFileReference; lastKnownFileType = image.png; path = Gold.PNG; sourceTree = "<group>"; };
		80498B6329ADD1190011E592 /* Fuzzy Cream.PNG */ = {isa = PBXFileReference; lastKnownFileType = image.png; path = "Fuzzy Cream.PNG"; sourceTree = "<group>"; };
		80498B7929AE66B00011E592 /* Cape.PNG */ = {isa = PBXFileReference; lastKnownFileType = image.png; path = Cape.PNG; sourceTree = "<group>"; };
		80498B7A29AE66B00011E592 /* Denim2.PNG */ = {isa = PBXFileReference; lastKnownFileType = image.png; path = Denim2.PNG; sourceTree = "<group>"; };
		80498B7B29AE66B00011E592 /* Tank Top.PNG */ = {isa = PBXFileReference; lastKnownFileType = image.png; path = "Tank Top.PNG"; sourceTree = "<group>"; };
		80498B7C29AE66B00011E592 /* Tux.PNG */ = {isa = PBXFileReference; lastKnownFileType = image.png; path = Tux.PNG; sourceTree = "<group>"; };
		80498B7D29AE66B00011E592 /* DrugRug.PNG */ = {isa = PBXFileReference; lastKnownFileType = image.png; path = DrugRug.PNG; sourceTree = "<group>"; };
		80498B7E29AE66B00011E592 /* Construction.PNG */ = {isa = PBXFileReference; lastKnownFileType = image.png; path = Construction.PNG; sourceTree = "<group>"; };
		80498B7F29AE66B00011E592 /* Army.PNG */ = {isa = PBXFileReference; lastKnownFileType = image.png; path = Army.PNG; sourceTree = "<group>"; };
		80498B8029AE66B00011E592 /* Hard.PNG */ = {isa = PBXFileReference; lastKnownFileType = image.png; path = Hard.PNG; sourceTree = "<group>"; };
		80498B8129AE66B00011E592 /* Puffer.PNG */ = {isa = PBXFileReference; lastKnownFileType = image.png; path = Puffer.PNG; sourceTree = "<group>"; };
		80498B8229AE66B00011E592 /* Hoodie.PNG */ = {isa = PBXFileReference; lastKnownFileType = image.png; path = Hoodie.PNG; sourceTree = "<group>"; };
		80498B8329AE66B00011E592 /* Astronaut.PNG */ = {isa = PBXFileReference; lastKnownFileType = image.png; path = Astronaut.PNG; sourceTree = "<group>"; };
		80498B8429AE66B00011E592 /* Holster.PNG */ = {isa = PBXFileReference; lastKnownFileType = image.png; path = Holster.PNG; sourceTree = "<group>"; };
		80498B8529AE66B00011E592 /* Marty.PNG */ = {isa = PBXFileReference; lastKnownFileType = image.png; path = Marty.PNG; sourceTree = "<group>"; };
		80498B8629AE66B00011E592 /* Police.PNG */ = {isa = PBXFileReference; lastKnownFileType = image.png; path = Police.PNG; sourceTree = "<group>"; };
		80498B8729AE66B00011E592 /* FurC.PNG */ = {isa = PBXFileReference; lastKnownFileType = image.png; path = FurC.PNG; sourceTree = "<group>"; };
		80498B8829AE66B00011E592 /* BJersey.PNG */ = {isa = PBXFileReference; lastKnownFileType = image.png; path = BJersey.PNG; sourceTree = "<group>"; };
		80498B8929AE66B00011E592 /* Ticket.PNG */ = {isa = PBXFileReference; lastKnownFileType = image.png; path = Ticket.PNG; sourceTree = "<group>"; };
		80498B8A29AE66B00011E592 /* GreenC.PNG */ = {isa = PBXFileReference; lastKnownFileType = image.png; path = GreenC.PNG; sourceTree = "<group>"; };
		80498B8B29AE66B00011E592 /* NavyC.PNG */ = {isa = PBXFileReference; lastKnownFileType = image.png; path = NavyC.PNG; sourceTree = "<group>"; };
		80498B8C29AE66B00011E592 /* WorkC.PNG */ = {isa = PBXFileReference; lastKnownFileType = image.png; path = WorkC.PNG; sourceTree = "<group>"; };
		80498B8D29AE66B00011E592 /* Fred.PNG */ = {isa = PBXFileReference; lastKnownFileType = image.png; path = Fred.PNG; sourceTree = "<group>"; };
		80498B8E29AE66B00011E592 /* Bear.PNG */ = {isa = PBXFileReference; lastKnownFileType = image.png; path = Bear.PNG; sourceTree = "<group>"; };
		80498B8F29AE66B00011E592 /* PinkC.PNG */ = {isa = PBXFileReference; lastKnownFileType = image.png; path = PinkC.PNG; sourceTree = "<group>"; };
		80498B9029AE66B00011E592 /* Gi.PNG */ = {isa = PBXFileReference; lastKnownFileType = image.png; path = Gi.PNG; sourceTree = "<group>"; };
		80498B9129AE66B10011E592 /* Smoking.PNG */ = {isa = PBXFileReference; lastKnownFileType = image.png; path = Smoking.PNG; sourceTree = "<group>"; };
		80498B9229AE66B10011E592 /* Straight Jacket.PNG */ = {isa = PBXFileReference; lastKnownFileType = image.png; path = "Straight Jacket.PNG"; sourceTree = "<group>"; };
		80498B9329AE66B10011E592 /* TogaC.PNG */ = {isa = PBXFileReference; lastKnownFileType = image.png; path = TogaC.PNG; sourceTree = "<group>"; };
		80498B9429AE66B10011E592 /* Towel.PNG */ = {isa = PBXFileReference; lastKnownFileType = image.png; path = Towel.PNG; sourceTree = "<group>"; };
		80498B9529AE66B10011E592 /* Hawaiian.PNG */ = {isa = PBXFileReference; lastKnownFileType = image.png; path = Hawaiian.PNG; sourceTree = "<group>"; };
		80498B9629AE66B10011E592 /* LifeJacket.PNG */ = {isa = PBXFileReference; lastKnownFileType = image.png; path = LifeJacket.PNG; sourceTree = "<group>"; };
		80498B9729AE66B10011E592 /* Doctor.PNG */ = {isa = PBXFileReference; lastKnownFileType = image.png; path = Doctor.PNG; sourceTree = "<group>"; };
		80498B9829AE66B10011E592 /* Zombie Slayer.PNG */ = {isa = PBXFileReference; lastKnownFileType = image.png; path = "Zombie Slayer.PNG"; sourceTree = "<group>"; };
		80498B9929AE66B10011E592 /* DenimVest.PNG */ = {isa = PBXFileReference; lastKnownFileType = image.png; path = DenimVest.PNG; sourceTree = "<group>"; };
		80498B9A29AE66B10011E592 /* Jersey.PNG */ = {isa = PBXFileReference; lastKnownFileType = image.png; path = Jersey.PNG; sourceTree = "<group>"; };
		80498B9B29AE66B10011E592 /* Ducky.PNG */ = {isa = PBXFileReference; lastKnownFileType = image.png; path = Ducky.PNG; sourceTree = "<group>"; };
		80498B9C29AE66B10011E592 /* Denim1.PNG */ = {isa = PBXFileReference; lastKnownFileType = image.png; path = Denim1.PNG; sourceTree = "<group>"; };
/* End PBXFileReference section */

/* Begin PBXFrameworksBuildPhase section */
		80498B2429ADC0700011E592 /* Frameworks */ = {
			isa = PBXFrameworksBuildPhase;
			buildActionMask = 2147483647;
			files = (
			);
			runOnlyForDeploymentPostprocessing = 0;
		};
/* End PBXFrameworksBuildPhase section */

/* Begin PBXGroup section */
		80498B1E29ADC0700011E592 = {
			isa = PBXGroup;
			children = (
				80498B2929ADC0700011E592 /* Tanuki */,
				80498B2829ADC0700011E592 /* Products */,
			);
			sourceTree = "<group>";
		};
		80498B2829ADC0700011E592 /* Products */ = {
			isa = PBXGroup;
			children = (
				80498B2729ADC0700011E592 /* Tanuki.app */,
			);
			name = Products;
			sourceTree = "<group>";
		};
		80498B2929ADC0700011E592 /* Tanuki */ = {
			isa = PBXGroup;
			children = (
				80498C0A29AE6D1C0011E592 /* ClothingL */,
				80498B2A29ADC0700011E592 /* AppDelegate.swift */,
				80498B2C29ADC0700011E592 /* SceneDelegate.swift */,
				80498B7529AE601A0011E592 /* BackgroundL */,
				80498B2E29ADC0700011E592 /* ViewController.swift */,
				80498B3029ADC0700011E592 /* Main.storyboard */,
				80498B7629AE60490011E592 /* SkinL */,
				80498B3329ADC0720011E592 /* Assets.xcassets */,
				80498B3529ADC0720011E592 /* LaunchScreen.storyboard */,
				80498B3829ADC0720011E592 /* Info.plist */,
				80498B4029ADC8EB0011E592 /* Backgrounds */,
			);
			path = Tanuki;
			sourceTree = "<group>";
		};
		80498B7529AE601A0011E592 /* BackgroundL */ = {
			isa = PBXGroup;
			children = (
				80498B4229ADCFB20011E592 /* Blue.PNG */,
				80498B4629ADCFB20011E592 /* Emarald.PNG */,
				80498B4329ADCFB20011E592 /* Golden.PNG */,
				80498B4829ADCFB20011E592 /* Green.PNG */,
				80498B4929ADCFB20011E592 /* Noir.PNG */,
				80498B4729ADCFB20011E592 /* Peach.PNG */,
				80498B4429ADCFB20011E592 /* Pink.PNG */,
				80498B4529ADCFB20011E592 /* Red.PNG */,
				80498B4A29ADCFB20011E592 /* Yellow.PNG */,
			);
			path = BackgroundL;
			sourceTree = "<group>";
		};
		80498B7629AE60490011E592 /* SkinL */ = {
			isa = PBXGroup;
			children = (
				80498B5F29ADD1190011E592 /* Neon Light.PNG */,
				80498B6129ADD1190011E592 /* Metallic Midnight.PNG */,
				80498B5929ADD1180011E592 /* Chill.PNG */,
				80498B6029ADD1190011E592 /* Cyborg.PNG */,
				80498B6329ADD1190011E592 /* Fuzzy Cream.PNG */,
				80498B6229ADD1190011E592 /* Gold.PNG */,
				80498B5429ADD1180011E592 /* Goth.PNG */,
				80498B5C29ADD1180011E592 /* Brazil.PNG */,
				80498B5529ADD1180011E592 /* LightBlue.PNG */,
				80498B5E29ADD1190011E592 /* PinkSkin.PNG */,
				80498B5729ADD1180011E592 /* Starfish.PNG */,
				80498B5D29ADD1180011E592 /* Sunset.PNG */,
				80498B5829ADD1180011E592 /* Tattoo.PNG */,
				80498B5A29ADD1180011E592 /* Thermal.PNG */,
				80498B5629ADD1180011E592 /* Topo.PNG */,
				80498B5B29ADD1180011E592 /* Trippy.PNG */,
			);
			path = SkinL;
			sourceTree = "<group>";
		};
		80498C0A29AE6D1C0011E592 /* ClothingL */ = {
			isa = PBXGroup;
			children = (
				80498B7F29AE66B00011E592 /* Army.PNG */,
				80498B8329AE66B00011E592 /* Astronaut.PNG */,
				80498B8E29AE66B00011E592 /* Bear.PNG */,
				80498B8829AE66B00011E592 /* BJersey.PNG */,
				80498B7929AE66B00011E592 /* Cape.PNG */,
				80498B7E29AE66B00011E592 /* Construction.PNG */,
				80498B9C29AE66B10011E592 /* Denim1.PNG */,
				80498B7A29AE66B00011E592 /* Denim2.PNG */,
				80498B9929AE66B10011E592 /* DenimVest.PNG */,
				80498B9729AE66B10011E592 /* Doctor.PNG */,
				80498B7D29AE66B00011E592 /* DrugRug.PNG */,
				80498B9B29AE66B10011E592 /* Ducky.PNG */,
				80498B8D29AE66B00011E592 /* Fred.PNG */,
				80498B8729AE66B00011E592 /* FurC.PNG */,
				80498B9029AE66B00011E592 /* Gi.PNG */,
				80498B8A29AE66B00011E592 /* GreenC.PNG */,
				80498B8029AE66B00011E592 /* Hard.PNG */,
				80498B9529AE66B10011E592 /* Hawaiian.PNG */,
				80498B8429AE66B00011E592 /* Holster.PNG */,
				80498B8229AE66B00011E592 /* Hoodie.PNG */,
				80498B9A29AE66B10011E592 /* Jersey.PNG */,
				80498B9629AE66B10011E592 /* LifeJacket.PNG */,
				80498B8529AE66B00011E592 /* Marty.PNG */,
				80498B8B29AE66B00011E592 /* NavyC.PNG */,
				80498B8F29AE66B00011E592 /* PinkC.PNG */,
				80498B8629AE66B00011E592 /* Police.PNG */,
				80498B8129AE66B00011E592 /* Puffer.PNG */,
				80498B9129AE66B10011E592 /* Smoking.PNG */,
				80498B9229AE66B10011E592 /* Straight Jacket.PNG */,
				80498B7B29AE66B00011E592 /* Tank Top.PNG */,
				80498B8929AE66B00011E592 /* Ticket.PNG */,
				80498B9329AE66B10011E592 /* TogaC.PNG */,
				80498B9429AE66B10011E592 /* Towel.PNG */,
				80498B7C29AE66B00011E592 /* Tux.PNG */,
				80498B8C29AE66B00011E592 /* WorkC.PNG */,
				80498B9829AE66B10011E592 /* Zombie Slayer.PNG */,
			);
			path = ClothingL;
			sourceTree = "<group>";
		};
/* End PBXGroup section */

/* Begin PBXNativeTarget section */
		80498B2629ADC0700011E592 /* Tanuki */ = {
			isa = PBXNativeTarget;
			buildConfigurationList = 80498B3B29ADC0720011E592 /* Build configuration list for PBXNativeTarget "Tanuki" */;
			buildPhases = (
				80498B2329ADC0700011E592 /* Sources */,
				80498B2429ADC0700011E592 /* Frameworks */,
				80498B2529ADC0700011E592 /* Resources */,
			);
			buildRules = (
			);
			dependencies = (
			);
			name = Tanuki;
			productName = Tanuki;
			productReference = 80498B2729ADC0700011E592 /* Tanuki.app */;
			productType = "com.apple.product-type.application";
		};
/* End PBXNativeTarget section */

/* Begin PBXProject section */
		80498B1F29ADC0700011E592 /* Project object */ = {
			isa = PBXProject;
			attributes = {
				BuildIndependentTargetsInParallel = 1;
				LastSwiftUpdateCheck = 1400;
				LastUpgradeCheck = 1400;
				TargetAttributes = {
					80498B2629ADC0700011E592 = {
						CreatedOnToolsVersion = 14.0.1;
					};
				};
			};
			buildConfigurationList = 80498B2229ADC0700011E592 /* Build configuration list for PBXProject "Tanuki" */;
			compatibilityVersion = "Xcode 14.0";
			developmentRegion = en;
			hasScannedForEncodings = 0;
			knownRegions = (
				en,
				Base,
			);
			mainGroup = 80498B1E29ADC0700011E592;
			productRefGroup = 80498B2829ADC0700011E592 /* Products */;
			projectDirPath = "";
			projectRoot = "";
			targets = (
				80498B2629ADC0700011E592 /* Tanuki */,
			);
		};
/* End PBXProject section */

/* Begin PBXResourcesBuildPhase section */
		80498B2529ADC0700011E592 /* Resources */ = {
			isa = PBXResourcesBuildPhase;
			buildActionMask = 2147483647;
			files = (
				80498BA929AE66B10011E592 /* Marty.PNG in Resources */,
				80498BB529AE66B10011E592 /* Smoking.PNG in Resources */,
				80498B4C29ADCFB20011E592 /* Golden.PNG in Resources */,
				80498BA529AE66B10011E592 /* Puffer.PNG in Resources */,
				80498B6F29ADD1190011E592 /* Neon Light.PNG in Resources */,
				80498B5029ADCFB20011E592 /* Peach.PNG in Resources */,
				80498BBC29AE66B10011E592 /* Zombie Slayer.PNG in Resources */,
				80498B6C29ADD1190011E592 /* Brazil.PNG in Resources */,
				80498BBA29AE66B10011E592 /* LifeJacket.PNG in Resources */,
				80498B5329ADCFB20011E592 /* Yellow.PNG in Resources */,
				80498BB329AE66B10011E592 /* PinkC.PNG in Resources */,
				80498BA729AE66B10011E592 /* Astronaut.PNG in Resources */,
				80498B7029ADD1190011E592 /* Cyborg.PNG in Resources */,
				80498BA329AE66B10011E592 /* Army.PNG in Resources */,
				80498B6B29ADD1190011E592 /* Trippy.PNG in Resources */,
				80498BBE29AE66B10011E592 /* Jersey.PNG in Resources */,
				80498BB929AE66B10011E592 /* Hawaiian.PNG in Resources */,
				80498B6E29ADD1190011E592 /* PinkSkin.PNG in Resources */,
				80498BAF29AE66B10011E592 /* NavyC.PNG in Resources */,
				80498B4F29ADCFB20011E592 /* Emarald.PNG in Resources */,
				80498BBF29AE66B10011E592 /* Ducky.PNG in Resources */,
				80498BAA29AE66B10011E592 /* Police.PNG in Resources */,
				80498B7329ADD1190011E592 /* Fuzzy Cream.PNG in Resources */,
				80498B9F29AE66B10011E592 /* Tank Top.PNG in Resources */,
				80498B3729ADC0720011E592 /* LaunchScreen.storyboard in Resources */,
				80498B6529ADD1190011E592 /* LightBlue.PNG in Resources */,
				80498B7129ADD1190011E592 /* Metallic Midnight.PNG in Resources */,
				80498BB629AE66B10011E592 /* Straight Jacket.PNG in Resources */,
				80498BA229AE66B10011E592 /* Construction.PNG in Resources */,
				80498BB429AE66B10011E592 /* Gi.PNG in Resources */,
				80498BB029AE66B10011E592 /* WorkC.PNG in Resources */,
				80498BA829AE66B10011E592 /* Holster.PNG in Resources */,
				80498B4D29ADCFB20011E592 /* Pink.PNG in Resources */,
				80498B3429ADC0720011E592 /* Assets.xcassets in Resources */,
				80498BB729AE66B10011E592 /* TogaC.PNG in Resources */,
				80498B6729ADD1190011E592 /* Starfish.PNG in Resources */,
				80498BA429AE66B10011E592 /* Hard.PNG in Resources */,
				80498B3229ADC0700011E592 /* Main.storyboard in Resources */,
				80498BA129AE66B10011E592 /* DrugRug.PNG in Resources */,
				80498B9D29AE66B10011E592 /* Cape.PNG in Resources */,
				80498BBD29AE66B10011E592 /* DenimVest.PNG in Resources */,
				80498B5129ADCFB20011E592 /* Green.PNG in Resources */,
				80498B7229ADD1190011E592 /* Gold.PNG in Resources */,
				80498BB229AE66B10011E592 /* Bear.PNG in Resources */,
				80498B6A29ADD1190011E592 /* Thermal.PNG in Resources */,
				80498BAC29AE66B10011E592 /* BJersey.PNG in Resources */,
				80498BAE29AE66B10011E592 /* GreenC.PNG in Resources */,
				80498BAD29AE66B10011E592 /* Ticket.PNG in Resources */,
				80498B6D29ADD1190011E592 /* Sunset.PNG in Resources */,
				80498BB129AE66B10011E592 /* Fred.PNG in Resources */,
				80498B4E29ADCFB20011E592 /* Red.PNG in Resources */,
				80498BA029AE66B10011E592 /* Tux.PNG in Resources */,
				80498BC029AE66B10011E592 /* Denim1.PNG in Resources */,
				80498BB829AE66B10011E592 /* Towel.PNG in Resources */,
				80498B4129ADC8EB0011E592 /* Backgrounds in Resources */,
				80498B6429ADD1190011E592 /* Goth.PNG in Resources */,
				80498B6629ADD1190011E592 /* Topo.PNG in Resources */,
				80498B4B29ADCFB20011E592 /* Blue.PNG in Resources */,
				80498B9E29AE66B10011E592 /* Denim2.PNG in Resources */,
				80498BBB29AE66B10011E592 /* Doctor.PNG in Resources */,
				80498B6829ADD1190011E592 /* Tattoo.PNG in Resources */,
				80498BA629AE66B10011E592 /* Hoodie.PNG in Resources */,
				80498B5229ADCFB20011E592 /* Noir.PNG in Resources */,
				80498B6929ADD1190011E592 /* Chill.PNG in Resources */,
				80498BAB29AE66B10011E592 /* FurC.PNG in Resources */,
			);
			runOnlyForDeploymentPostprocessing = 0;
		};
/* End PBXResourcesBuildPhase section */

/* Begin PBXSourcesBuildPhase section */
		80498B2329ADC0700011E592 /* Sources */ = {
			isa = PBXSourcesBuildPhase;
			buildActionMask = 2147483647;
			files = (
				80498B2F29ADC0700011E592 /* ViewController.swift in Sources */,
				80498B2B29ADC0700011E592 /* AppDelegate.swift in Sources */,
				80498B2D29ADC0700011E592 /* SceneDelegate.swift in Sources */,
			);
			runOnlyForDeploymentPostprocessing = 0;
		};
/* End PBXSourcesBuildPhase section */

/* Begin PBXVariantGroup section */
		80498B3029ADC0700011E592 /* Main.storyboard */ = {
			isa = PBXVariantGroup;
			children = (
				80498B3129ADC0700011E592 /* Base */,
			);
			name = Main.storyboard;
			sourceTree = "<group>";
		};
		80498B3529ADC0720011E592 /* LaunchScreen.storyboard */ = {
			isa = PBXVariantGroup;
			children = (
				80498B3629ADC0720011E592 /* Base */,
			);
			name = LaunchScreen.storyboard;
			sourceTree = "<group>";
		};
/* End PBXVariantGroup section */

/* Begin XCBuildConfiguration section */
		80498B3929ADC0720011E592 /* Debug */ = {
			isa = XCBuildConfiguration;
			buildSettings = {
				ALWAYS_SEARCH_USER_PATHS = NO;
				CLANG_ANALYZER_NONNULL = YES;
				CLANG_ANALYZER_NUMBER_OBJECT_CONVERSION = YES_AGGRESSIVE;
				CLANG_CXX_LANGUAGE_STANDARD = "gnu++20";
				CLANG_ENABLE_MODULES = YES;
				CLANG_ENABLE_OBJC_ARC = YES;
				CLANG_ENABLE_OBJC_WEAK = YES;
				CLANG_WARN_BLOCK_CAPTURE_AUTORELEASING = YES;
				CLANG_WARN_BOOL_CONVERSION = YES;
				CLANG_WARN_COMMA = YES;
				CLANG_WARN_CONSTANT_CONVERSION = YES;
				CLANG_WARN_DEPRECATED_OBJC_IMPLEMENTATIONS = YES;
				CLANG_WARN_DIRECT_OBJC_ISA_USAGE = YES_ERROR;
				CLANG_WARN_DOCUMENTATION_COMMENTS = YES;
				CLANG_WARN_EMPTY_BODY = YES;
				CLANG_WARN_ENUM_CONVERSION = YES;
				CLANG_WARN_INFINITE_RECURSION = YES;
				CLANG_WARN_INT_CONVERSION = YES;
				CLANG_WARN_NON_LITERAL_NULL_CONVERSION = YES;
				CLANG_WARN_OBJC_IMPLICIT_RETAIN_SELF = YES;
				CLANG_WARN_OBJC_LITERAL_CONVERSION = YES;
				CLANG_WARN_OBJC_ROOT_CLASS = YES_ERROR;
				CLANG_WARN_QUOTED_INCLUDE_IN_FRAMEWORK_HEADER = YES;
				CLANG_WARN_RANGE_LOOP_ANALYSIS = YES;
				CLANG_WARN_STRICT_PROTOTYPES = YES;
				CLANG_WARN_SUSPICIOUS_MOVE = YES;
				CLANG_WARN_UNGUARDED_AVAILABILITY = YES_AGGRESSIVE;
				CLANG_WARN_UNREACHABLE_CODE = YES;
				CLANG_WARN__DUPLICATE_METHOD_MATCH = YES;
				COPY_PHASE_STRIP = NO;
				DEBUG_INFORMATION_FORMAT = dwarf;
				ENABLE_STRICT_OBJC_MSGSEND = YES;
				ENABLE_TESTABILITY = YES;
				GCC_C_LANGUAGE_STANDARD = gnu11;
				GCC_DYNAMIC_NO_PIC = NO;
				GCC_NO_COMMON_BLOCKS = YES;
				GCC_OPTIMIZATION_LEVEL = 0;
				GCC_PREPROCESSOR_DEFINITIONS = (
					"DEBUG=1",
					"$(inherited)",
				);
				GCC_WARN_64_TO_32_BIT_CONVERSION = YES;
				GCC_WARN_ABOUT_RETURN_TYPE = YES_ERROR;
				GCC_WARN_UNDECLARED_SELECTOR = YES;
				GCC_WARN_UNINITIALIZED_AUTOS = YES_AGGRESSIVE;
				GCC_WARN_UNUSED_FUNCTION = YES;
				GCC_WARN_UNUSED_VARIABLE = YES;
				IPHONEOS_DEPLOYMENT_TARGET = 16.0;
				MTL_ENABLE_DEBUG_INFO = INCLUDE_SOURCE;
				MTL_FAST_MATH = YES;
				ONLY_ACTIVE_ARCH = YES;
				SDKROOT = iphoneos;
				SWIFT_ACTIVE_COMPILATION_CONDITIONS = DEBUG;
				SWIFT_OPTIMIZATION_LEVEL = "-Onone";
			};
			name = Debug;
		};
		80498B3A29ADC0720011E592 /* Release */ = {
			isa = XCBuildConfiguration;
			buildSettings = {
				ALWAYS_SEARCH_USER_PATHS = NO;
				CLANG_ANALYZER_NONNULL = YES;
				CLANG_ANALYZER_NUMBER_OBJECT_CONVERSION = YES_AGGRESSIVE;
				CLANG_CXX_LANGUAGE_STANDARD = "gnu++20";
				CLANG_ENABLE_MODULES = YES;
				CLANG_ENABLE_OBJC_ARC = YES;
				CLANG_ENABLE_OBJC_WEAK = YES;
				CLANG_WARN_BLOCK_CAPTURE_AUTORELEASING = YES;
				CLANG_WARN_BOOL_CONVERSION = YES;
				CLANG_WARN_COMMA = YES;
				CLANG_WARN_CONSTANT_CONVERSION = YES;
				CLANG_WARN_DEPRECATED_OBJC_IMPLEMENTATIONS = YES;
				CLANG_WARN_DIRECT_OBJC_ISA_USAGE = YES_ERROR;
				CLANG_WARN_DOCUMENTATION_COMMENTS = YES;
				CLANG_WARN_EMPTY_BODY = YES;
				CLANG_WARN_ENUM_CONVERSION = YES;
				CLANG_WARN_INFINITE_RECURSION = YES;
				CLANG_WARN_INT_CONVERSION = YES;
				CLANG_WARN_NON_LITERAL_NULL_CONVERSION = YES;
				CLANG_WARN_OBJC_IMPLICIT_RETAIN_SELF = YES;
				CLANG_WARN_OBJC_LITERAL_CONVERSION = YES;
				CLANG_WARN_OBJC_ROOT_CLASS = YES_ERROR;
				CLANG_WARN_QUOTED_INCLUDE_IN_FRAMEWORK_HEADER = YES;
				CLANG_WARN_RANGE_LOOP_ANALYSIS = YES;
				CLANG_WARN_STRICT_PROTOTYPES = YES;
				CLANG_WARN_SUSPICIOUS_MOVE = YES;
				CLANG_WARN_UNGUARDED_AVAILABILITY = YES_AGGRESSIVE;
				CLANG_WARN_UNREACHABLE_CODE = YES;
				CLANG_WARN__DUPLICATE_METHOD_MATCH = YES;
				COPY_PHASE_STRIP = NO;
				DEBUG_INFORMATION_FORMAT = "dwarf-with-dsym";
				ENABLE_NS_ASSERTIONS = NO;
				ENABLE_STRICT_OBJC_MSGSEND = YES;
				GCC_C_LANGUAGE_STANDARD = gnu11;
				GCC_NO_COMMON_BLOCKS = YES;
				GCC_WARN_64_TO_32_BIT_CONVERSION = YES;
				GCC_WARN_ABOUT_RETURN_TYPE = YES_ERROR;
				GCC_WARN_UNDECLARED_SELECTOR = YES;
				GCC_WARN_UNINITIALIZED_AUTOS = YES_AGGRESSIVE;
				GCC_WARN_UNUSED_FUNCTION = YES;
				GCC_WARN_UNUSED_VARIABLE = YES;
				IPHONEOS_DEPLOYMENT_TARGET = 16.0;
				MTL_ENABLE_DEBUG_INFO = NO;
				MTL_FAST_MATH = YES;
				SDKROOT = iphoneos;
				SWIFT_COMPILATION_MODE = wholemodule;
				SWIFT_OPTIMIZATION_LEVEL = "-O";
				VALIDATE_PRODUCT = YES;
			};
			name = Release;
		};
		80498B3C29ADC0720011E592 /* Debug */ = {
			isa = XCBuildConfiguration;
			buildSettings = {
				ASSETCATALOG_COMPILER_APPICON_NAME = AppIcon;
				ASSETCATALOG_COMPILER_GLOBAL_ACCENT_COLOR_NAME = AccentColor;
				CODE_SIGN_STYLE = Automatic;
				CURRENT_PROJECT_VERSION = 1;
				GENERATE_INFOPLIST_FILE = YES;
				INFOPLIST_FILE = Tanuki/Info.plist;
				INFOPLIST_KEY_UIApplicationSupportsIndirectInputEvents = YES;
				INFOPLIST_KEY_UILaunchStoryboardName = LaunchScreen;
				INFOPLIST_KEY_UIMainStoryboardFile = Main;
				INFOPLIST_KEY_UISupportedInterfaceOrientations_iPad = "UIInterfaceOrientationPortrait UIInterfaceOrientationPortraitUpsideDown UIInterfaceOrientationLandscapeLeft UIInterfaceOrientationLandscapeRight";
				INFOPLIST_KEY_UISupportedInterfaceOrientations_iPhone = "UIInterfaceOrientationPortrait UIInterfaceOrientationLandscapeLeft UIInterfaceOrientationLandscapeRight";
				LD_RUNPATH_SEARCH_PATHS = (
					"$(inherited)",
					"@executable_path/Frameworks",
				);
				MARKETING_VERSION = 1.0;
				PRODUCT_BUNDLE_IDENTIFIER = HvnOfSck.Tanuki;
				PRODUCT_NAME = "$(TARGET_NAME)";
				SWIFT_EMIT_LOC_STRINGS = YES;
				SWIFT_VERSION = 5.0;
				TARGETED_DEVICE_FAMILY = "1,2";
			};
			name = Debug;
		};
		80498B3D29ADC0720011E592 /* Release */ = {
			isa = XCBuildConfiguration;
			buildSettings = {
				ASSETCATALOG_COMPILER_APPICON_NAME = AppIcon;
				ASSETCATALOG_COMPILER_GLOBAL_ACCENT_COLOR_NAME = AccentColor;
				CODE_SIGN_STYLE = Automatic;
				CURRENT_PROJECT_VERSION = 1;
				GENERATE_INFOPLIST_FILE = YES;
				INFOPLIST_FILE = Tanuki/Info.plist;
				INFOPLIST_KEY_UIApplicationSupportsIndirectInputEvents = YES;
				INFOPLIST_KEY_UILaunchStoryboardName = LaunchScreen;
				INFOPLIST_KEY_UIMainStoryboardFile = Main;
				INFOPLIST_KEY_UISupportedInterfaceOrientations_iPad = "UIInterfaceOrientationPortrait UIInterfaceOrientationPortraitUpsideDown UIInterfaceOrientationLandscapeLeft UIInterfaceOrientationLandscapeRight";
				INFOPLIST_KEY_UISupportedInterfaceOrientations_iPhone = "UIInterfaceOrientationPortrait UIInterfaceOrientationLandscapeLeft UIInterfaceOrientationLandscapeRight";
				LD_RUNPATH_SEARCH_PATHS = (
					"$(inherited)",
					"@executable_path/Frameworks",
				);
				MARKETING_VERSION = 1.0;
				PRODUCT_BUNDLE_IDENTIFIER = HvnOfSck.Tanuki;
				PRODUCT_NAME = "$(TARGET_NAME)";
				SWIFT_EMIT_LOC_STRINGS = YES;
				SWIFT_VERSION = 5.0;
				TARGETED_DEVICE_FAMILY = "1,2";
			};
			name = Release;
		};
/* End XCBuildConfiguration section */

/* Begin XCConfigurationList section */
		80498B2229ADC0700011E592 /* Build configuration list for PBXProject "Tanuki" */ = {
			isa = XCConfigurationList;
			buildConfigurations = (
				80498B3929ADC0720011E592 /* Debug */,
				80498B3A29ADC0720011E592 /* Release */,
			);
			defaultConfigurationIsVisible = 0;
			defaultConfigurationName = Release;
		};
		80498B3B29ADC0720011E592 /* Build configuration list for PBXNativeTarget "Tanuki" */ = {
			isa = XCConfigurationList;
			buildConfigurations = (
				80498B3C29ADC0720011E592 /* Debug */,
				80498B3D29ADC0720011E592 /* Release */,
			);
			defaultConfigurationIsVisible = 0;
			defaultConfigurationName = Release;
		};
/* End XCConfigurationList section */
	};
	rootObject = 80498B1F29ADC0700011E592 /* Project object */;
}
